{
  "name": "riga",
  "version": "0.1.0",
  "lockfileVersion": 3,
  "requires": true,
  "packages": {
    "": {
      "name": "riga",
      "version": "0.1.0",
      "workspaces": [
        "packages/*",
        "apps/*"
      ],
      "devDependencies": {
        "typescript": "^5.7.3"
      }
    },
    "node_modules/@riga/assistant-ui": {
      "resolved": "packages/assistant-ui",
      "link": true
    },
    "node_modules/@riga/transport-http": {
      "resolved": "packages/transport-http",
      "link": true
    },
    "node_modules/@riga/transport-tauri": {
      "resolved": "packages/transport-tauri",
      "link": true
    },
    "node_modules/typescript": {
      "version": "5.7.3",
      "resolved": "https://registry.npmjs.org/typescript/-/typescript-5.7.3.tgz",
      "integrity": "sha512-84MVSjMEHP+FQRPy3pX9sTVV/INIex71s9TL2Gm5FG/WG1SqXeKyZ0k7/blY/4FdOzI12CBy1vGc4og/eus0fw==",
      "dev": true,
      "license": "Apache-2.0",
      "bin": {
        "tsc": "bin/tsc",
        "tsserver": "bin/tsserver"
      },
      "engines": {
        "node": ">=14.17"
      }
    },
    "packages/assistant-ui": {
      "name": "@riga/assistant-ui",
      "version": "0.1.0"
    },
    "packages/transport-http": {
      "name": "@riga/transport-http",
      "version": "0.1.0"
    },
    "packages/transport-tauri": {
      "name": "@riga/transport-tauri",
      "version": "0.1.0"
    }
  }
}
